// !$*UTF8*$!
{
	archiveVersion = 1;
	classes = {
	};
	objectVersion = 50;
	objects = {

/* Begin PBXBuildFile section */
		9F1BFE5222BE540100ACEFB3 /* AppDelegate.swift in Sources */ = {isa = PBXBuildFile; fileRef = 9F1BFE5122BE540100ACEFB3 /* AppDelegate.swift */; };
		9F1BFE5422BE540100ACEFB3 /* ViewController.swift in Sources */ = {isa = PBXBuildFile; fileRef = 9F1BFE5322BE540100ACEFB3 /* ViewController.swift */; };
		9F1BFE5722BE540100ACEFB3 /* Main.storyboard in Resources */ = {isa = PBXBuildFile; fileRef = 9F1BFE5522BE540100ACEFB3 /* Main.storyboard */; };
		9F1BFE5C22BE540500ACEFB3 /* Assets.xcassets in Resources */ = {isa = PBXBuildFile; fileRef = 9F1BFE5B22BE540500ACEFB3 /* Assets.xcassets */; };
		9F1BFE5F22BE540500ACEFB3 /* LaunchScreen.storyboard in Resources */ = {isa = PBXBuildFile; fileRef = 9F1BFE5D22BE540500ACEFB3 /* LaunchScreen.storyboard */; };
		9F1BFE6A22BE540500ACEFB3 /* CatGiffyTests.swift in Sources */ = {isa = PBXBuildFile; fileRef = 9F1BFE6922BE540500ACEFB3 /* CatGiffyTests.swift */; };
		9F1BFE7522BE540500ACEFB3 /* CatGiffyUITests.swift in Sources */ = {isa = PBXBuildFile; fileRef = 9F1BFE7422BE540500ACEFB3 /* CatGiffyUITests.swift */; };
		9F1BFE8322BE9D0D00ACEFB3 /* Image.swift in Sources */ = {isa = PBXBuildFile; fileRef = 9F1BFE8222BE9D0D00ACEFB3 /* Image.swift */; };
		9F1BFE8522BEE69600ACEFB3 /* NetworkUtils.swift in Sources */ = {isa = PBXBuildFile; fileRef = 9F1BFE8422BEE69600ACEFB3 /* NetworkUtils.swift */; };
		9F1BFE8722BEF9D100ACEFB3 /* ImageTableViewCell.swift in Sources */ = {isa = PBXBuildFile; fileRef = 9F1BFE8622BEF9D100ACEFB3 /* ImageTableViewCell.swift */; };
		9F1BFE8B22BF5D5100ACEFB3 /* DetailViewController.swift in Sources */ = {isa = PBXBuildFile; fileRef = 9F1BFE8A22BF5D5100ACEFB3 /* DetailViewController.swift */; };
		C9C7D0AE24328B09E2208D5B /* Pods_CatGiffyTests.framework in Frameworks */ = {isa = PBXBuildFile; fileRef = 87D0FE79B28A775DD9A1FFA0 /* Pods_CatGiffyTests.framework */; };
		E303155C0995DE59722014F2 /* Pods_CatGiffy.framework in Frameworks */ = {isa = PBXBuildFile; fileRef = EDD2467F249A7D8D460117A6 /* Pods_CatGiffy.framework */; };
		F41B59FE7554AB2234E5D80C /* Pods_CatGiffyUITests.framework in Frameworks */ = {isa = PBXBuildFile; fileRef = 6185E5228B048D06A1107E05 /* Pods_CatGiffyUITests.framework */; };
/* End PBXBuildFile section */

/* Begin PBXContainerItemProxy section */
		9F1BFE6622BE540500ACEFB3 /* PBXContainerItemProxy */ = {
			isa = PBXContainerItemProxy;
			containerPortal = 9F1BFE4622BE540100ACEFB3 /* Project object */;
			proxyType = 1;
			remoteGlobalIDString = 9F1BFE4D22BE540100ACEFB3;
			remoteInfo = CatGiffy;
		};
		9F1BFE7122BE540500ACEFB3 /* PBXContainerItemProxy */ = {
			isa = PBXContainerItemProxy;
			containerPortal = 9F1BFE4622BE540100ACEFB3 /* Project object */;
			proxyType = 1;
			remoteGlobalIDString = 9F1BFE4D22BE540100ACEFB3;
			remoteInfo = CatGiffy;
		};
/* End PBXContainerItemProxy section */

/* Begin PBXFileReference section */
		4CF4143AF5B736A4A8A38270 /* Pods-CatGiffy.release.xcconfig */ = {isa = PBXFileReference; includeInIndex = 1; lastKnownFileType = text.xcconfig; name = "Pods-CatGiffy.release.xcconfig"; path = "Pods/Target Support Files/Pods-CatGiffy/Pods-CatGiffy.release.xcconfig"; sourceTree = "<group>"; };
		6185E5228B048D06A1107E05 /* Pods_CatGiffyUITests.framework */ = {isa = PBXFileReference; explicitFileType = wrapper.framework; includeInIndex = 0; path = Pods_CatGiffyUITests.framework; sourceTree = BUILT_PRODUCTS_DIR; };
		793573A6B0D89ED4EC99C2A0 /* Pods-CatGiffyUITests.release.xcconfig */ = {isa = PBXFileReference; includeInIndex = 1; lastKnownFileType = text.xcconfig; name = "Pods-CatGiffyUITests.release.xcconfig"; path = "Pods/Target Support Files/Pods-CatGiffyUITests/Pods-CatGiffyUITests.release.xcconfig"; sourceTree = "<group>"; };
		87D0FE79B28A775DD9A1FFA0 /* Pods_CatGiffyTests.framework */ = {isa = PBXFileReference; explicitFileType = wrapper.framework; includeInIndex = 0; path = Pods_CatGiffyTests.framework; sourceTree = BUILT_PRODUCTS_DIR; };
		9F1BFE4E22BE540100ACEFB3 /* CatGiffy.app */ = {isa = PBXFileReference; explicitFileType = wrapper.application; includeInIndex = 0; path = CatGiffy.app; sourceTree = BUILT_PRODUCTS_DIR; };
		9F1BFE5122BE540100ACEFB3 /* AppDelegate.swift */ = {isa = PBXFileReference; lastKnownFileType = sourcecode.swift; path = AppDelegate.swift; sourceTree = "<group>"; };
		9F1BFE5322BE540100ACEFB3 /* ViewController.swift */ = {isa = PBXFileReference; lastKnownFileType = sourcecode.swift; path = ViewController.swift; sourceTree = "<group>"; };
		9F1BFE5622BE540100ACEFB3 /* Base */ = {isa = PBXFileReference; lastKnownFileType = file.storyboard; name = Base; path = Base.lproj/Main.storyboard; sourceTree = "<group>"; };
		9F1BFE5B22BE540500ACEFB3 /* Assets.xcassets */ = {isa = PBXFileReference; lastKnownFileType = folder.assetcatalog; path = Assets.xcassets; sourceTree = "<group>"; };
		9F1BFE5E22BE540500ACEFB3 /* Base */ = {isa = PBXFileReference; lastKnownFileType = file.storyboard; name = Base; path = Base.lproj/LaunchScreen.storyboard; sourceTree = "<group>"; };
		9F1BFE6022BE540500ACEFB3 /* Info.plist */ = {isa = PBXFileReference; lastKnownFileType = text.plist.xml; path = Info.plist; sourceTree = "<group>"; };
		9F1BFE6522BE540500ACEFB3 /* CatGiffyTests.xctest */ = {isa = PBXFileReference; explicitFileType = wrapper.cfbundle; includeInIndex = 0; path = CatGiffyTests.xctest; sourceTree = BUILT_PRODUCTS_DIR; };
		9F1BFE6922BE540500ACEFB3 /* CatGiffyTests.swift */ = {isa = PBXFileReference; lastKnownFileType = sourcecode.swift; path = CatGiffyTests.swift; sourceTree = "<group>"; };
		9F1BFE6B22BE540500ACEFB3 /* Info.plist */ = {isa = PBXFileReference; lastKnownFileType = text.plist.xml; path = Info.plist; sourceTree = "<group>"; };
		9F1BFE7022BE540500ACEFB3 /* CatGiffyUITests.xctest */ = {isa = PBXFileReference; explicitFileType = wrapper.cfbundle; includeInIndex = 0; path = CatGiffyUITests.xctest; sourceTree = BUILT_PRODUCTS_DIR; };
		9F1BFE7422BE540500ACEFB3 /* CatGiffyUITests.swift */ = {isa = PBXFileReference; lastKnownFileType = sourcecode.swift; path = CatGiffyUITests.swift; sourceTree = "<group>"; };
		9F1BFE7622BE540500ACEFB3 /* Info.plist */ = {isa = PBXFileReference; lastKnownFileType = text.plist.xml; path = Info.plist; sourceTree = "<group>"; };
		9F1BFE8222BE9D0D00ACEFB3 /* Image.swift */ = {isa = PBXFileReference; lastKnownFileType = sourcecode.swift; path = Image.swift; sourceTree = "<group>"; };
		9F1BFE8422BEE69600ACEFB3 /* NetworkUtils.swift */ = {isa = PBXFileReference; fileEncoding = 4; lastKnownFileType = sourcecode.swift; path = NetworkUtils.swift; sourceTree = "<group>"; };
		9F1BFE8622BEF9D100ACEFB3 /* ImageTableViewCell.swift */ = {isa = PBXFileReference; lastKnownFileType = sourcecode.swift; path = ImageTableViewCell.swift; sourceTree = "<group>"; };
		9F1BFE8A22BF5D5100ACEFB3 /* DetailViewController.swift */ = {isa = PBXFileReference; lastKnownFileType = sourcecode.swift; path = DetailViewController.swift; sourceTree = "<group>"; };
		B461869CC9702ACC1630CDE2 /* Pods-CatGiffyTests.release.xcconfig */ = {isa = PBXFileReference; includeInIndex = 1; lastKnownFileType = text.xcconfig; name = "Pods-CatGiffyTests.release.xcconfig"; path = "Pods/Target Support Files/Pods-CatGiffyTests/Pods-CatGiffyTests.release.xcconfig"; sourceTree = "<group>"; };
		B96EEBFFF23B8C323938D4F1 /* Pods-CatGiffyUITests.debug.xcconfig */ = {isa = PBXFileReference; includeInIndex = 1; lastKnownFileType = text.xcconfig; name = "Pods-CatGiffyUITests.debug.xcconfig"; path = "Pods/Target Support Files/Pods-CatGiffyUITests/Pods-CatGiffyUITests.debug.xcconfig"; sourceTree = "<group>"; };
		E048BE395012C83EA788EC2F /* Pods-CatGiffyTests.debug.xcconfig */ = {isa = PBXFileReference; includeInIndex = 1; lastKnownFileType = text.xcconfig; name = "Pods-CatGiffyTests.debug.xcconfig"; path = "Pods/Target Support Files/Pods-CatGiffyTests/Pods-CatGiffyTests.debug.xcconfig"; sourceTree = "<group>"; };
		EDD2467F249A7D8D460117A6 /* Pods_CatGiffy.framework */ = {isa = PBXFileReference; explicitFileType = wrapper.framework; includeInIndex = 0; path = Pods_CatGiffy.framework; sourceTree = BUILT_PRODUCTS_DIR; };
		EF05059379F5C7FA16FFA0A7 /* Pods-CatGiffy.debug.xcconfig */ = {isa = PBXFileReference; includeInIndex = 1; lastKnownFileType = text.xcconfig; name = "Pods-CatGiffy.debug.xcconfig"; path = "Pods/Target Support Files/Pods-CatGiffy/Pods-CatGiffy.debug.xcconfig"; sourceTree = "<group>"; };
/* End PBXFileReference section */

/* Begin PBXFrameworksBuildPhase section */
		9F1BFE4B22BE540100ACEFB3 /* Frameworks */ = {
			isa = PBXFrameworksBuildPhase;
			buildActionMask = 2147483647;
			files = (
				E303155C0995DE59722014F2 /* Pods_CatGiffy.framework in Frameworks */,
			);
			runOnlyForDeploymentPostprocessing = 0;
		};
		9F1BFE6222BE540500ACEFB3 /* Frameworks */ = {
			isa = PBXFrameworksBuildPhase;
			buildActionMask = 2147483647;
			files = (
				C9C7D0AE24328B09E2208D5B /* Pods_CatGiffyTests.framework in Frameworks */,
			);
			runOnlyForDeploymentPostprocessing = 0;
		};
		9F1BFE6D22BE540500ACEFB3 /* Frameworks */ = {
			isa = PBXFrameworksBuildPhase;
			buildActionMask = 2147483647;
			files = (
				F41B59FE7554AB2234E5D80C /* Pods_CatGiffyUITests.framework in Frameworks */,
			);
			runOnlyForDeploymentPostprocessing = 0;
		};
/* End PBXFrameworksBuildPhase section */

/* Begin PBXGroup section */
		61CA798D39F9810B510DF9D8 /* Frameworks */ = {
			isa = PBXGroup;
			children = (
				EDD2467F249A7D8D460117A6 /* Pods_CatGiffy.framework */,
				87D0FE79B28A775DD9A1FFA0 /* Pods_CatGiffyTests.framework */,
				6185E5228B048D06A1107E05 /* Pods_CatGiffyUITests.framework */,
			);
			name = Frameworks;
			sourceTree = "<group>";
		};
		9F1BFE4522BE540100ACEFB3 = {
			isa = PBXGroup;
			children = (
				9F1BFE5022BE540100ACEFB3 /* CatGiffy */,
				9F1BFE6822BE540500ACEFB3 /* CatGiffyTests */,
				9F1BFE7322BE540500ACEFB3 /* CatGiffyUITests */,
				9F1BFE4F22BE540100ACEFB3 /* Products */,
				A0AED0E756BAA141130FE395 /* Pods */,
				61CA798D39F9810B510DF9D8 /* Frameworks */,
			);
			sourceTree = "<group>";
		};
		9F1BFE4F22BE540100ACEFB3 /* Products */ = {
			isa = PBXGroup;
			children = (
				9F1BFE4E22BE540100ACEFB3 /* CatGiffy.app */,
				9F1BFE6522BE540500ACEFB3 /* CatGiffyTests.xctest */,
				9F1BFE7022BE540500ACEFB3 /* CatGiffyUITests.xctest */,
			);
			name = Products;
			sourceTree = "<group>";
		};
		9F1BFE5022BE540100ACEFB3 /* CatGiffy */ = {
			isa = PBXGroup;
			children = (
				9F1BFE5122BE540100ACEFB3 /* AppDelegate.swift */,
				9F1BFE5322BE540100ACEFB3 /* ViewController.swift */,
				9F1BFE5522BE540100ACEFB3 /* Main.storyboard */,
				9F1BFE8422BEE69600ACEFB3 /* NetworkUtils.swift */,
				9F1BFE5B22BE540500ACEFB3 /* Assets.xcassets */,
				9F1BFE5D22BE540500ACEFB3 /* LaunchScreen.storyboard */,
				9F1BFE6022BE540500ACEFB3 /* Info.plist */,
				9F1BFE8222BE9D0D00ACEFB3 /* Image.swift */,
				9F1BFE8622BEF9D100ACEFB3 /* ImageTableViewCell.swift */,
				9F1BFE8A22BF5D5100ACEFB3 /* DetailViewController.swift */,
			);
			path = CatGiffy;
			sourceTree = "<group>";
		};
		9F1BFE6822BE540500ACEFB3 /* CatGiffyTests */ = {
			isa = PBXGroup;
			children = (
				9F1BFE6922BE540500ACEFB3 /* CatGiffyTests.swift */,
				9F1BFE6B22BE540500ACEFB3 /* Info.plist */,
			);
			path = CatGiffyTests;
			sourceTree = "<group>";
		};
		9F1BFE7322BE540500ACEFB3 /* CatGiffyUITests */ = {
			isa = PBXGroup;
			children = (
				9F1BFE7422BE540500ACEFB3 /* CatGiffyUITests.swift */,
				9F1BFE7622BE540500ACEFB3 /* Info.plist */,
			);
			path = CatGiffyUITests;
			sourceTree = "<group>";
		};
		A0AED0E756BAA141130FE395 /* Pods */ = {
			isa = PBXGroup;
			children = (
				EF05059379F5C7FA16FFA0A7 /* Pods-CatGiffy.debug.xcconfig */,
				4CF4143AF5B736A4A8A38270 /* Pods-CatGiffy.release.xcconfig */,
				E048BE395012C83EA788EC2F /* Pods-CatGiffyTests.debug.xcconfig */,
				B461869CC9702ACC1630CDE2 /* Pods-CatGiffyTests.release.xcconfig */,
				B96EEBFFF23B8C323938D4F1 /* Pods-CatGiffyUITests.debug.xcconfig */,
				793573A6B0D89ED4EC99C2A0 /* Pods-CatGiffyUITests.release.xcconfig */,
			);
			name = Pods;
			sourceTree = "<group>";
		};
/* End PBXGroup section */

/* Begin PBXNativeTarget section */
		9F1BFE4D22BE540100ACEFB3 /* CatGiffy */ = {
			isa = PBXNativeTarget;
			buildConfigurationList = 9F1BFE7922BE540500ACEFB3 /* Build configuration list for PBXNativeTarget "CatGiffy" */;
			buildPhases = (
				3BDD529697EAB6E5832CAE6E /* [CP] Check Pods Manifest.lock */,
				9F1BFE4A22BE540100ACEFB3 /* Sources */,
				9F1BFE4B22BE540100ACEFB3 /* Frameworks */,
				9F1BFE4C22BE540100ACEFB3 /* Resources */,
				ACE075CB9F77D0A9A3F90C41 /* [CP] Embed Pods Frameworks */,
			);
			buildRules = (
			);
			dependencies = (
			);
			name = CatGiffy;
			productName = CatGiffy;
			productReference = 9F1BFE4E22BE540100ACEFB3 /* CatGiffy.app */;
			productType = "com.apple.product-type.application";
		};
		9F1BFE6422BE540500ACEFB3 /* CatGiffyTests */ = {
			isa = PBXNativeTarget;
			buildConfigurationList = 9F1BFE7C22BE540500ACEFB3 /* Build configuration list for PBXNativeTarget "CatGiffyTests" */;
			buildPhases = (
				D4B0972A7BFEB349B16FCAAC /* [CP] Check Pods Manifest.lock */,
				9F1BFE6122BE540500ACEFB3 /* Sources */,
				9F1BFE6222BE540500ACEFB3 /* Frameworks */,
				9F1BFE6322BE540500ACEFB3 /* Resources */,
			);
			buildRules = (
			);
			dependencies = (
				9F1BFE6722BE540500ACEFB3 /* PBXTargetDependency */,
			);
			name = CatGiffyTests;
			productName = CatGiffyTests;
			productReference = 9F1BFE6522BE540500ACEFB3 /* CatGiffyTests.xctest */;
			productType = "com.apple.product-type.bundle.unit-test";
		};
		9F1BFE6F22BE540500ACEFB3 /* CatGiffyUITests */ = {
			isa = PBXNativeTarget;
			buildConfigurationList = 9F1BFE7F22BE540500ACEFB3 /* Build configuration list for PBXNativeTarget "CatGiffyUITests" */;
			buildPhases = (
				2D2B96A4B319160C66525859 /* [CP] Check Pods Manifest.lock */,
				9F1BFE6C22BE540500ACEFB3 /* Sources */,
				9F1BFE6D22BE540500ACEFB3 /* Frameworks */,
				9F1BFE6E22BE540500ACEFB3 /* Resources */,
			);
			buildRules = (
			);
			dependencies = (
				9F1BFE7222BE540500ACEFB3 /* PBXTargetDependency */,
			);
			name = CatGiffyUITests;
			productName = CatGiffyUITests;
			productReference = 9F1BFE7022BE540500ACEFB3 /* CatGiffyUITests.xctest */;
			productType = "com.apple.product-type.bundle.ui-testing";
		};
/* End PBXNativeTarget section */

/* Begin PBXProject section */
		9F1BFE4622BE540100ACEFB3 /* Project object */ = {
			isa = PBXProject;
			attributes = {
				LastSwiftUpdateCheck = 1020;
				LastUpgradeCheck = 1020;
				ORGANIZATIONNAME = "just pixel";
				TargetAttributes = {
					9F1BFE4D22BE540100ACEFB3 = {
						CreatedOnToolsVersion = 10.2.1;
					};
					9F1BFE6422BE540500ACEFB3 = {
						CreatedOnToolsVersion = 10.2.1;
						TestTargetID = 9F1BFE4D22BE540100ACEFB3;
					};
					9F1BFE6F22BE540500ACEFB3 = {
						CreatedOnToolsVersion = 10.2.1;
						TestTargetID = 9F1BFE4D22BE540100ACEFB3;
					};
				};
			};
			buildConfigurationList = 9F1BFE4922BE540100ACEFB3 /* Build configuration list for PBXProject "CatGiffy" */;
			compatibilityVersion = "Xcode 9.3";
			developmentRegion = en;
			hasScannedForEncodings = 0;
			knownRegions = (
				en,
				Base,
			);
			mainGroup = 9F1BFE4522BE540100ACEFB3;
			productRefGroup = 9F1BFE4F22BE540100ACEFB3 /* Products */;
			projectDirPath = "";
			projectRoot = "";
			targets = (
				9F1BFE4D22BE540100ACEFB3 /* CatGiffy */,
				9F1BFE6422BE540500ACEFB3 /* CatGiffyTests */,
				9F1BFE6F22BE540500ACEFB3 /* CatGiffyUITests */,
			);
		};
/* End PBXProject section */

/* Begin PBXResourcesBuildPhase section */
		9F1BFE4C22BE540100ACEFB3 /* Resources */ = {
			isa = PBXResourcesBuildPhase;
			buildActionMask = 2147483647;
			files = (
				9F1BFE5F22BE540500ACEFB3 /* LaunchScreen.storyboard in Resources */,
				9F1BFE5C22BE540500ACEFB3 /* Assets.xcassets in Resources */,
				9F1BFE5722BE540100ACEFB3 /* Main.storyboard in Resources */,
			);
			runOnlyForDeploymentPostprocessing = 0;
		};
		9F1BFE6322BE540500ACEFB3 /* Resources */ = {
			isa = PBXResourcesBuildPhase;
			buildActionMask = 2147483647;
			files = (
			);
			runOnlyForDeploymentPostprocessing = 0;
		};
		9F1BFE6E22BE540500ACEFB3 /* Resources */ = {
			isa = PBXResourcesBuildPhase;
			buildActionMask = 2147483647;
			files = (
			);
			runOnlyForDeploymentPostprocessing = 0;
		};
/* End PBXResourcesBuildPhase section */

/* Begin PBXShellScriptBuildPhase section */
		2D2B96A4B319160C66525859 /* [CP] Check Pods Manifest.lock */ = {
			isa = PBXShellScriptBuildPhase;
			buildActionMask = 2147483647;
			files = (
			);
			inputPaths = (
				"${PODS_PODFILE_DIR_PATH}/Podfile.lock",
				"${PODS_ROOT}/Manifest.lock",
			);
			name = "[CP] Check Pods Manifest.lock";
			outputPaths = (
				"$(DERIVED_FILE_DIR)/Pods-CatGiffyUITests-checkManifestLockResult.txt",
			);
			runOnlyForDeploymentPostprocessing = 0;
			shellPath = /bin/sh;
			shellScript = "diff \"${PODS_PODFILE_DIR_PATH}/Podfile.lock\" \"${PODS_ROOT}/Manifest.lock\" > /dev/null\nif [ $? != 0 ] ; then\n    # print error to STDERR\n    echo \"error: The sandbox is not in sync with the Podfile.lock. Run 'pod install' or update your CocoaPods installation.\" >&2\n    exit 1\nfi\n# This output is used by Xcode 'outputs' to avoid re-running this script phase.\necho \"SUCCESS\" > \"${SCRIPT_OUTPUT_FILE_0}\"\n";
			showEnvVarsInLog = 0;
		};
		3BDD529697EAB6E5832CAE6E /* [CP] Check Pods Manifest.lock */ = {
			isa = PBXShellScriptBuildPhase;
			buildActionMask = 2147483647;
			files = (
			);
			inputPaths = (
				"${PODS_PODFILE_DIR_PATH}/Podfile.lock",
				"${PODS_ROOT}/Manifest.lock",
			);
			name = "[CP] Check Pods Manifest.lock";
			outputPaths = (
				"$(DERIVED_FILE_DIR)/Pods-CatGiffy-checkManifestLockResult.txt",
			);
			runOnlyForDeploymentPostprocessing = 0;
			shellPath = /bin/sh;
			shellScript = "diff \"${PODS_PODFILE_DIR_PATH}/Podfile.lock\" \"${PODS_ROOT}/Manifest.lock\" > /dev/null\nif [ $? != 0 ] ; then\n    # print error to STDERR\n    echo \"error: The sandbox is not in sync with the Podfile.lock. Run 'pod install' or update your CocoaPods installation.\" >&2\n    exit 1\nfi\n# This output is used by Xcode 'outputs' to avoid re-running this script phase.\necho \"SUCCESS\" > \"${SCRIPT_OUTPUT_FILE_0}\"\n";
			showEnvVarsInLog = 0;
		};
		ACE075CB9F77D0A9A3F90C41 /* [CP] Embed Pods Frameworks */ = {
			isa = PBXShellScriptBuildPhase;
			buildActionMask = 2147483647;
			files = (
			);
			inputPaths = (
				"${SRCROOT}/Pods/Target Support Files/Pods-CatGiffy/Pods-CatGiffy-frameworks.sh",
				"${BUILT_PRODUCTS_DIR}/Kingfisher/Kingfisher.framework",
			);
			name = "[CP] Embed Pods Frameworks";
			outputPaths = (
				"${TARGET_BUILD_DIR}/${FRAMEWORKS_FOLDER_PATH}/Kingfisher.framework",
			);
			runOnlyForDeploymentPostprocessing = 0;
			shellPath = /bin/sh;
			shellScript = "\"${SRCROOT}/Pods/Target Support Files/Pods-CatGiffy/Pods-CatGiffy-frameworks.sh\"\n";
			showEnvVarsInLog = 0;
		};
		D4B0972A7BFEB349B16FCAAC /* [CP] Check Pods Manifest.lock */ = {
			isa = PBXShellScriptBuildPhase;
			buildActionMask = 2147483647;
			files = (
			);
			inputPaths = (
				"${PODS_PODFILE_DIR_PATH}/Podfile.lock",
				"${PODS_ROOT}/Manifest.lock",
			);
			name = "[CP] Check Pods Manifest.lock";
			outputPaths = (
				"$(DERIVED_FILE_DIR)/Pods-CatGiffyTests-checkManifestLockResult.txt",
			);
			runOnlyForDeploymentPostprocessing = 0;
			shellPath = /bin/sh;
			shellScript = "diff \"${PODS_PODFILE_DIR_PATH}/Podfile.lock\" \"${PODS_ROOT}/Manifest.lock\" > /dev/null\nif [ $? != 0 ] ; then\n    # print error to STDERR\n    echo \"error: The sandbox is not in sync with the Podfile.lock. Run 'pod install' or update your CocoaPods installation.\" >&2\n    exit 1\nfi\n# This output is used by Xcode 'outputs' to avoid re-running this script phase.\necho \"SUCCESS\" > \"${SCRIPT_OUTPUT_FILE_0}\"\n";
			showEnvVarsInLog = 0;
		};
/* End PBXShellScriptBuildPhase section */

/* Begin PBXSourcesBuildPhase section */
		9F1BFE4A22BE540100ACEFB3 /* Sources */ = {
			isa = PBXSourcesBuildPhase;
			buildActionMask = 2147483647;
			files = (
				9F1BFE8322BE9D0D00ACEFB3 /* Image.swift in Sources */,
				9F1BFE5422BE540100ACEFB3 /* ViewController.swift in Sources */,
				9F1BFE8722BEF9D100ACEFB3 /* ImageTableViewCell.swift in Sources */,
				9F1BFE8B22BF5D5100ACEFB3 /* DetailViewController.swift in Sources */,
				9F1BFE5222BE540100ACEFB3 /* AppDelegate.swift in Sources */,
				9F1BFE8522BEE69600ACEFB3 /* NetworkUtils.swift in Sources */,
			);
			runOnlyForDeploymentPostprocessing = 0;
		};
		9F1BFE6122BE540500ACEFB3 /* Sources */ = {
			isa = PBXSourcesBuildPhase;
			buildActionMask = 2147483647;
			files = (
				9F1BFE6A22BE540500ACEFB3 /* CatGiffyTests.swift in Sources */,
			);
			runOnlyForDeploymentPostprocessing = 0;
		};
		9F1BFE6C22BE540500ACEFB3 /* Sources */ = {
			isa = PBXSourcesBuildPhase;
			buildActionMask = 2147483647;
			files = (
				9F1BFE7522BE540500ACEFB3 /* CatGiffyUITests.swift in Sources */,
			);
			runOnlyForDeploymentPostprocessing = 0;
		};
/* End PBXSourcesBuildPhase section */

/* Begin PBXTargetDependency section */
		9F1BFE6722BE540500ACEFB3 /* PBXTargetDependency */ = {
			isa = PBXTargetDependency;
			target = 9F1BFE4D22BE540100ACEFB3 /* CatGiffy */;
			targetProxy = 9F1BFE6622BE540500ACEFB3 /* PBXContainerItemProxy */;
		};
		9F1BFE7222BE540500ACEFB3 /* PBXTargetDependency */ = {
			isa = PBXTargetDependency;
			target = 9F1BFE4D22BE540100ACEFB3 /* CatGiffy */;
			targetProxy = 9F1BFE7122BE540500ACEFB3 /* PBXContainerItemProxy */;
		};
/* End PBXTargetDependency section */

/* Begin PBXVariantGroup section */
		9F1BFE5522BE540100ACEFB3 /* Main.storyboard */ = {
			isa = PBXVariantGroup;
			children = (
				9F1BFE5622BE540100ACEFB3 /* Base */,
			);
			name = Main.storyboard;
			sourceTree = "<group>";
		};
		9F1BFE5D22BE540500ACEFB3 /* LaunchScreen.storyboard */ = {
			isa = PBXVariantGroup;
			children = (
				9F1BFE5E22BE540500ACEFB3 /* Base */,
			);
			name = LaunchScreen.storyboard;
			sourceTree = "<group>";
		};
/* End PBXVariantGroup section */

/* Begin XCBuildConfiguration section */
		9F1BFE7722BE540500ACEFB3 /* Debug */ = {
			isa = XCBuildConfiguration;
			buildSettings = {
				ALWAYS_SEARCH_USER_PATHS = NO;
				CLANG_ANALYZER_NONNULL = YES;
				CLANG_ANALYZER_NUMBER_OBJECT_CONVERSION = YES_AGGRESSIVE;
				CLANG_CXX_LANGUAGE_STANDARD = "gnu++14";
				CLANG_CXX_LIBRARY = "libc++";
				CLANG_ENABLE_MODULES = YES;
				CLANG_ENABLE_OBJC_ARC = YES;
				CLANG_ENABLE_OBJC_WEAK = YES;
				CLANG_WARN_BLOCK_CAPTURE_AUTORELEASING = YES;
				CLANG_WARN_BOOL_CONVERSION = YES;
				CLANG_WARN_COMMA = YES;
				CLANG_WARN_CONSTANT_CONVERSION = YES;
				CLANG_WARN_DEPRECATED_OBJC_IMPLEMENTATIONS = YES;
				CLANG_WARN_DIRECT_OBJC_ISA_USAGE = YES_ERROR;
				CLANG_WARN_DOCUMENTATION_COMMENTS = YES;
				CLANG_WARN_EMPTY_BODY = YES;
				CLANG_WARN_ENUM_CONVERSION = YES;
				CLANG_WARN_INFINITE_RECURSION = YES;
				CLANG_WARN_INT_CONVERSION = YES;
				CLANG_WARN_NON_LITERAL_NULL_CONVERSION = YES;
				CLANG_WARN_OBJC_IMPLICIT_RETAIN_SELF = YES;
				CLANG_WARN_OBJC_LITERAL_CONVERSION = YES;
				CLANG_WARN_OBJC_ROOT_CLASS = YES_ERROR;
				CLANG_WARN_RANGE_LOOP_ANALYSIS = YES;
				CLANG_WARN_STRICT_PROTOTYPES = YES;
				CLANG_WARN_SUSPICIOUS_MOVE = YES;
				CLANG_WARN_UNGUARDED_AVAILABILITY = YES_AGGRESSIVE;
				CLANG_WARN_UNREACHABLE_CODE = YES;
				CLANG_WARN__DUPLICATE_METHOD_MATCH = YES;
				CODE_SIGN_IDENTITY = "iPhone Developer";
				COPY_PHASE_STRIP = NO;
				DEBUG_INFORMATION_FORMAT = dwarf;
				ENABLE_STRICT_OBJC_MSGSEND = YES;
				ENABLE_TESTABILITY = YES;
				GCC_C_LANGUAGE_STANDARD = gnu11;
				GCC_DYNAMIC_NO_PIC = NO;
				GCC_NO_COMMON_BLOCKS = YES;
				GCC_OPTIMIZATION_LEVEL = 0;
				GCC_PREPROCESSOR_DEFINITIONS = (
					"DEBUG=1",
					"$(inherited)",
				);
				GCC_WARN_64_TO_32_BIT_CONVERSION = YES;
				GCC_WARN_ABOUT_RETURN_TYPE = YES_ERROR;
				GCC_WARN_UNDECLARED_SELECTOR = YES;
				GCC_WARN_UNINITIALIZED_AUTOS = YES_AGGRESSIVE;
				GCC_WARN_UNUSED_FUNCTION = YES;
				GCC_WARN_UNUSED_VARIABLE = YES;
				IPHONEOS_DEPLOYMENT_TARGET = 12.2;
				MTL_ENABLE_DEBUG_INFO = INCLUDE_SOURCE;
				MTL_FAST_MATH = YES;
				ONLY_ACTIVE_ARCH = YES;
				SDKROOT = iphoneos;
				SWIFT_ACTIVE_COMPILATION_CONDITIONS = DEBUG;
				SWIFT_OPTIMIZATION_LEVEL = "-Onone";
			};
			name = Debug;
		};
		9F1BFE7822BE540500ACEFB3 /* Release */ = {
			isa = XCBuildConfiguration;
			buildSettings = {
				ALWAYS_SEARCH_USER_PATHS = NO;
				CLANG_ANALYZER_NONNULL = YES;
				CLANG_ANALYZER_NUMBER_OBJECT_CONVERSION = YES_AGGRESSIVE;
				CLANG_CXX_LANGUAGE_STANDARD = "gnu++14";
				CLANG_CXX_LIBRARY = "libc++";
				CLANG_ENABLE_MODULES = YES;
				CLANG_ENABLE_OBJC_ARC = YES;
				CLANG_ENABLE_OBJC_WEAK = YES;
				CLANG_WARN_BLOCK_CAPTURE_AUTORELEASING = YES;
				CLANG_WARN_BOOL_CONVERSION = YES;
				CLANG_WARN_COMMA = YES;
				CLANG_WARN_CONSTANT_CONVERSION = YES;
				CLANG_WARN_DEPRECATED_OBJC_IMPLEMENTATIONS = YES;
				CLANG_WARN_DIRECT_OBJC_ISA_USAGE = YES_ERROR;
				CLANG_WARN_DOCUMENTATION_COMMENTS = YES;
				CLANG_WARN_EMPTY_BODY = YES;
				CLANG_WARN_ENUM_CONVERSION = YES;
				CLANG_WARN_INFINITE_RECURSION = YES;
				CLANG_WARN_INT_CONVERSION = YES;
				CLANG_WARN_NON_LITERAL_NULL_CONVERSION = YES;
				CLANG_WARN_OBJC_IMPLICIT_RETAIN_SELF = YES;
				CLANG_WARN_OBJC_LITERAL_CONVERSION = YES;
				CLANG_WARN_OBJC_ROOT_CLASS = YES_ERROR;
				CLANG_WARN_RANGE_LOOP_ANALYSIS = YES;
				CLANG_WARN_STRICT_PROTOTYPES = YES;
				CLANG_WARN_SUSPICIOUS_MOVE = YES;
				CLANG_WARN_UNGUARDED_AVAILABILITY = YES_AGGRESSIVE;
				CLANG_WARN_UNREACHABLE_CODE = YES;
				CLANG_WARN__DUPLICATE_METHOD_MATCH = YES;
				CODE_SIGN_IDENTITY = "iPhone Developer";
				COPY_PHASE_STRIP = NO;
				DEBUG_INFORMATION_FORMAT = "dwarf-with-dsym";
				ENABLE_NS_ASSERTIONS = NO;
				ENABLE_STRICT_OBJC_MSGSEND = YES;
				GCC_C_LANGUAGE_STANDARD = gnu11;
				GCC_NO_COMMON_BLOCKS = YES;
				GCC_WARN_64_TO_32_BIT_CONVERSION = YES;
				GCC_WARN_ABOUT_RETURN_TYPE = YES_ERROR;
				GCC_WARN_UNDECLARED_SELECTOR = YES;
				GCC_WARN_UNINITIALIZED_AUTOS = YES_AGGRESSIVE;
				GCC_WARN_UNUSED_FUNCTION = YES;
				GCC_WARN_UNUSED_VARIABLE = YES;
				IPHONEOS_DEPLOYMENT_TARGET = 12.2;
				MTL_ENABLE_DEBUG_INFO = NO;
				MTL_FAST_MATH = YES;
				SDKROOT = iphoneos;
				SWIFT_COMPILATION_MODE = wholemodule;
				SWIFT_OPTIMIZATION_LEVEL = "-O";
				VALIDATE_PRODUCT = YES;
			};
			name = Release;
		};
		9F1BFE7A22BE540500ACEFB3 /* Debug */ = {
			isa = XCBuildConfiguration;
			baseConfigurationReference = EF05059379F5C7FA16FFA0A7 /* Pods-CatGiffy.debug.xcconfig */;
			buildSettings = {
				ASSETCATALOG_COMPILER_APPICON_NAME = AppIcon;
				CODE_SIGN_STYLE = Automatic;
				DEVELOPMENT_TEAM = CLCZFAVBGV;
				INFOPLIST_FILE = CatGiffy/Info.plist;
				LD_RUNPATH_SEARCH_PATHS = (
					"$(inherited)",
					"@executable_path/Frameworks",
				);
				PRODUCT_BUNDLE_IDENTIFIER = com.justpixel.CatGiffy;
				PRODUCT_NAME = "$(TARGET_NAME)";
				SWIFT_VERSION = 5.0;
				TARGETED_DEVICE_FAMILY = "1,2";
			};
			name = Debug;
		};
		9F1BFE7B22BE540500ACEFB3 /* Release */ = {
			isa = XCBuildConfiguration;
			baseConfigurationReference = 4CF4143AF5B736A4A8A38270 /* Pods-CatGiffy.release.xcconfig */;
			buildSettings = {
				ASSETCATALOG_COMPILER_APPICON_NAME = AppIcon;
				CODE_SIGN_STYLE = Automatic;
				DEVELOPMENT_TEAM = CLCZFAVBGV;
				INFOPLIST_FILE = CatGiffy/Info.plist;
				LD_RUNPATH_SEARCH_PATHS = (
					"$(inherited)",
					"@executable_path/Frameworks",
				);
				PRODUCT_BUNDLE_IDENTIFIER = com.justpixel.CatGiffy;
				PRODUCT_NAME = "$(TARGET_NAME)";
				SWIFT_VERSION = 5.0;
				TARGETED_DEVICE_FAMILY = "1,2";
			};
			name = Release;
		};
		9F1BFE7D22BE540500ACEFB3 /* Debug */ = {
			isa = XCBuildConfiguration;
			baseConfigurationReference = E048BE395012C83EA788EC2F /* Pods-CatGiffyTests.debug.xcconfig */;
			buildSettings = {
				ALWAYS_EMBED_SWIFT_STANDARD_LIBRARIES = YES;
				BUNDLE_LOADER = "$(TEST_HOST)";
				CODE_SIGN_STYLE = Automatic;
				DEVELOPMENT_TEAM = CLCZFAVBGV;
				INFOPLIST_FILE = CatGiffyTests/Info.plist;
				LD_RUNPATH_SEARCH_PATHS = (
					"$(inherited)",
					"@executable_path/Frameworks",
					"@loader_path/Frameworks",
				);
				PRODUCT_BUNDLE_IDENTIFIER = com.justpixel.CatGiffyTests;
				PRODUCT_NAME = "$(TARGET_NAME)";
				SWIFT_VERSION = 5.0;
				TARGETED_DEVICE_FAMILY = "1,2";
				TEST_HOST = "$(BUILT_PRODUCTS_DIR)/CatGiffy.app/CatGiffy";
			};
			name = Debug;
		};
		9F1BFE7E22BE540500ACEFB3 /* Release */ = {
			isa = XCBuildConfiguration;
			baseConfigurationReference = B461869CC9702ACC1630CDE2 /* Pods-CatGiffyTests.release.xcconfig */;
			buildSettings = {
				ALWAYS_EMBED_SWIFT_STANDARD_LIBRARIES = YES;
				BUNDLE_LOADER = "$(TEST_HOST)";
				CODE_SIGN_STYLE = Automatic;
				DEVELOPMENT_TEAM = CLCZFAVBGV;
				INFOPLIST_FILE = CatGiffyTests/Info.plist;
				LD_RUNPATH_SEARCH_PATHS = (
					"$(inherited)",
					"@executable_path/Frameworks",
					"@loader_path/Frameworks",
				);
				PRODUCT_BUNDLE_IDENTIFIER = com.justpixel.CatGiffyTests;
				PRODUCT_NAME = "$(TARGET_NAME)";
				SWIFT_VERSION = 5.0;
				TARGETED_DEVICE_FAMILY = "1,2";
				TEST_HOST = "$(BUILT_PRODUCTS_DIR)/CatGiffy.app/CatGiffy";
			};
			name = Release;
		};
		9F1BFE8022BE540500ACEFB3 /* Debug */ = {
			isa = XCBuildConfiguration;
			baseConfigurationReference = B96EEBFFF23B8C323938D4F1 /* Pods-CatGiffyUITests.debug.xcconfig */;
			buildSettings = {
				ALWAYS_EMBED_SWIFT_STANDARD_LIBRARIES = YES;
				CODE_SIGN_STYLE = Automatic;
				DEVELOPMENT_TEAM = CLCZFAVBGV;
				INFOPLIST_FILE = CatGiffyUITests/Info.plist;
				LD_RUNPATH_SEARCH_PATHS = (
					"$(inherited)",
					"@executable_path/Frameworks",
					"@loader_path/Frameworks",
				);
				PRODUCT_BUNDLE_IDENTIFIER = com.justpixel.CatGiffyUITests;
				PRODUCT_NAME = "$(TARGET_NAME)";
				SWIFT_VERSION = 5.0;
				TARGETED_DEVICE_FAMILY = "1,2";
				TEST_TARGET_NAME = CatGiffy;
			};
			name = Debug;
		};
		9F1BFE8122BE540500ACEFB3 /* Release */ = {
			isa = XCBuildConfiguration;
			baseConfigurationReference = 793573A6B0D89ED4EC99C2A0 /* Pods-CatGiffyUITests.release.xcconfig */;
			buildSettings = {
				ALWAYS_EMBED_SWIFT_STANDARD_LIBRARIES = YES;
				CODE_SIGN_STYLE = Automatic;
				DEVELOPMENT_TEAM = CLCZFAVBGV;
				INFOPLIST_FILE = CatGiffyUITests/Info.plist;
				LD_RUNPATH_SEARCH_PATHS = (
					"$(inherited)",
					"@executable_path/Frameworks",
					"@loader_path/Frameworks",
				);
				PRODUCT_BUNDLE_IDENTIFIER = com.justpixel.CatGiffyUITests;
				PRODUCT_NAME = "$(TARGET_NAME)";
				SWIFT_VERSION = 5.0;
				TARGETED_DEVICE_FAMILY = "1,2";
				TEST_TARGET_NAME = CatGiffy;
			};
			name = Release;
		};
/* End XCBuildConfiguration section */

/* Begin XCConfigurationList section */
		9F1BFE4922BE540100ACEFB3 /* Build configuration list for PBXProject "CatGiffy" */ = {
			isa = XCConfigurationList;
			buildConfigurations = (
				9F1BFE7722BE540500ACEFB3 /* Debug */,
				9F1BFE7822BE540500ACEFB3 /* Release */,
			);
			defaultConfigurationIsVisible = 0;
			defaultConfigurationName = Release;
		};
		9F1BFE7922BE540500ACEFB3 /* Build configuration list for PBXNativeTarget "CatGiffy" */ = {
			isa = XCConfigurationList;
			buildConfigurations = (
				9F1BFE7A22BE540500ACEFB3 /* Debug */,
				9F1BFE7B22BE540500ACEFB3 /* Release */,
			);
			defaultConfigurationIsVisible = 0;
			defaultConfigurationName = Release;
		};
		9F1BFE7C22BE540500ACEFB3 /* Build configuration list for PBXNativeTarget "CatGiffyTests" */ = {
			isa = XCConfigurationList;
			buildConfigurations = (
				9F1BFE7D22BE540500ACEFB3 /* Debug */,
				9F1BFE7E22BE540500ACEFB3 /* Release */,
			);
			defaultConfigurationIsVisible = 0;
			defaultConfigurationName = Release;
		};
		9F1BFE7F22BE540500ACEFB3 /* Build configuration list for PBXNativeTarget "CatGiffyUITests" */ = {
			isa = XCConfigurationList;
			buildConfigurations = (
				9F1BFE8022BE540500ACEFB3 /* Debug */,
				9F1BFE8122BE540500ACEFB3 /* Release */,
			);
			defaultConfigurationIsVisible = 0;
			defaultConfigurationName = Release;
		};
/* End XCConfigurationList section */
	};
	rootObject = 9F1BFE4622BE540100ACEFB3 /* Project object */;
}
